
Microsoft Visual Studio Solution File, Format Version 12.00
# Visual Studio 15
VisualStudioVersion = 15.0.27004.2006
MinimumVisualStudioVersion = 10.0.40219.1
Project("{FAE04EC0-301F-11D3-BF4B-00C04F79EFBC}") = "MvcMusicStore", "MvcMusicStore\MvcMusicStore.csproj", "{1D71C977-9353-439F-88D1-ACE3BF26D761}"
EndProject
Project("{FAE04EC0-301F-11D3-BF4B-00C04F79EFBC}") = "MvcMusicStore.Tests", "MvcMusicStore.Tests\MvcMusicStore.Tests.csproj", "{A50614DA-20A1-4E53-A0EF-E8CA64DA8031}"
EndProject
Global
	GlobalSection(SolutionConfigurationPlatforms) = preSolution
		Debug|Any CPU = Debug|Any CPU
		Release|Any CPU = Release|Any CPU
	EndGlobalSection
	GlobalSection(ProjectConfigurationPlatforms) = postSolution
		{1D71C977-9353-439F-88D1-ACE3BF26D761}.Debug|Any CPU.ActiveCfg = Debug|Any CPU
		{1D71C977-9353-439F-88D1-ACE3BF26D761}.Debug|Any CPU.Build.0 = Debug|Any CPU
		{1D71C977-9353-439F-88D1-ACE3BF26D761}.Release|Any CPU.ActiveCfg = Release|Any CPU
		{1D71C977-9353-439F-88D1-ACE3BF26D761}.Release|Any CPU.Build.0 = Release|Any CPU
		{A50614DA-20A1-4E53-A0EF-E8CA64DA8031}.Debug|Any CPU.ActiveCfg = Debug|Any CPU
		{A50614DA-20A1-4E53-A0EF-E8CA64DA8031}.Debug|Any CPU.Build.0 = Debug|Any CPU
		{A50614DA-20A1-4E53-A0EF-E8CA64DA8031}.Release|Any CPU.ActiveCfg = Release|Any CPU
		{A50614DA-20A1-4E53-A0EF-E8CA64DA8031}.Release|Any CPU.Build.0 = Release|Any CPU
	EndGlobalSection
	GlobalSection(SolutionProperties) = preSolution
		HideSolutionNode = FALSE
	EndGlobalSection
	GlobalSection(ExtensibilityGlobals) = postSolution
		SolutionGuid = {F11F6162-D1A3-4BCD-AD14-322FB38F9CFC}
	EndGlobalSection
EndGlobal
